
Microsoft Visual Studio Solution File, Format Version 12.00
# Visual Studio Version 17
VisualStudioVersion = 17.11.35222.181
MinimumVisualStudioVersion = 10.0.40219.1
Project("{FAE04EC0-301F-11D3-BF4B-00C04F79EFBC}") = "Week2", "Week2\Week2.csproj", "{F02CFC64-EFE4-4C8E-B354-CF7E0C507BAA}"
EndProject
Project("{FAE04EC0-301F-11D3-BF4B-00C04F79EFBC}") = "UserGenderValidation", "UserAgeValidation\UserGenderValidation.csproj", "{34EFF18B-5AD3-4A96-9984-71E9F19CB1D4}"
EndProject
Project("{FAE04EC0-301F-11D3-BF4B-00C04F79EFBC}") = "UserAgeValidation1", "UserAgeValidation1\UserAgeValidation1.csproj", "{0F41A54E-C55A-415A-9912-F33B2D240E2B}"
EndProject
Global
	GlobalSection(SolutionConfigurationPlatforms) = preSolution
		Debug|Any CPU = Debug|Any CPU
		Release|Any CPU = Release|Any CPU
	EndGlobalSection
	GlobalSection(ProjectConfigurationPlatforms) = postSolution
		{F02CFC64-EFE4-4C8E-B354-CF7E0C507BAA}.Debug|Any CPU.ActiveCfg = Debug|Any CPU
		{F02CFC64-EFE4-4C8E-B354-CF7E0C507BAA}.Debug|Any CPU.Build.0 = Debug|Any CPU
		{F02CFC64-EFE4-4C8E-B354-CF7E0C507BAA}.Release|Any CPU.ActiveCfg = Release|Any CPU
		{F02CFC64-EFE4-4C8E-B354-CF7E0C507BAA}.Release|Any CPU.Build.0 = Release|Any CPU
		{34EFF18B-5AD3-4A96-9984-71E9F19CB1D4}.Debug|Any CPU.ActiveCfg = Debug|Any CPU
		{34EFF18B-5AD3-4A96-9984-71E9F19CB1D4}.Debug|Any CPU.Build.0 = Debug|Any CPU
		{34EFF18B-5AD3-4A96-9984-71E9F19CB1D4}.Release|Any CPU.ActiveCfg = Release|Any CPU
		{34EFF18B-5AD3-4A96-9984-71E9F19CB1D4}.Release|Any CPU.Build.0 = Release|Any CPU
		{0F41A54E-C55A-415A-9912-F33B2D240E2B}.Debug|Any CPU.ActiveCfg = Debug|Any CPU
		{0F41A54E-C55A-415A-9912-F33B2D240E2B}.Debug|Any CPU.Build.0 = Debug|Any CPU
		{0F41A54E-C55A-415A-9912-F33B2D240E2B}.Release|Any CPU.ActiveCfg = Release|Any CPU
		{0F41A54E-C55A-415A-9912-F33B2D240E2B}.Release|Any CPU.Build.0 = Release|Any CPU
	EndGlobalSection
	GlobalSection(SolutionProperties) = preSolution
		HideSolutionNode = FALSE
	EndGlobalSection
	GlobalSection(ExtensibilityGlobals) = postSolution
		SolutionGuid = {FFE21D53-C41B-4152-B490-85E7F232EB28}
	EndGlobalSection
EndGlobal
